
Microsoft Visual Studio Solution File, Format Version 12.00
# Visual Studio 2013
VisualStudioVersion = 12.0.40629.0
MinimumVisualStudioVersion = 10.0.40219.1
Project("{FAE04EC0-301F-11D3-BF4B-00C04F79EFBC}") = "DDDSkeleton.Infrascructure.Common", "DDDSkeleton.Infrascructure.Common\DDDSkeleton.Infrascructure.Common.csproj", "{B71C74DB-793B-486A-98D6-73955B7DFA28}"
EndProject
Project("{FAE04EC0-301F-11D3-BF4B-00C04F79EFBC}") = "DDDSkeleton.Domain", "DDDSkeleton.Domain\DDDSkeleton.Domain.csproj", "{9B1E8432-1A9D-4076-BC0B-7AD8FAAB48F1}"
EndProject
Project("{2150E333-8FDC-42A3-9474-1A3956D46DE8}") = "Solution Items", "Solution Items", "{BB67A2F5-E03D-4589-A198-8DABAF4AA6F3}"
	ProjectSection(SolutionItems) = preProject
		NuGet.config = NuGet.config
	EndProjectSection
EndProject
Project("{FAE04EC0-301F-11D3-BF4B-00C04F79EFBC}") = "DDDSkeleton.Repository.Memory", "DDDSkeleton.Repository.Memory\DDDSkeleton.Repository.Memory.csproj", "{F39FDE65-96BC-45F2-AC9F-35B011FEDD41}"
EndProject
Project("{FAE04EC0-301F-11D3-BF4B-00C04F79EFBC}") = "DDDSkeleton.ApplicationServices", "DDDSkeleton.ApplicationServices\DDDSkeleton.ApplicationServices.csproj", "{13E04CF4-74B7-483E-813A-D5B8D6EDCBA8}"
EndProject
Project("{FAE04EC0-301F-11D3-BF4B-00C04F79EFBC}") = "DDDSkeleton.ApplicationServices.Tests", "DDDSkeleton.ApplicationServices.Tests\DDDSkeleton.ApplicationServices.Tests.csproj", "{3DCAE921-965D-4493-AB81-58A2FD4E7494}"
EndProject
Project("{FAE04EC0-301F-11D3-BF4B-00C04F79EFBC}") = "DDDSkeleton.WebService", "DDDSkeleton.WebService\DDDSkeleton.WebService.csproj", "{5DB717AC-292E-49AE-9D97-12AF88A658DF}"
EndProject
Global
	GlobalSection(SolutionConfigurationPlatforms) = preSolution
		Debug|Any CPU = Debug|Any CPU
		Release|Any CPU = Release|Any CPU
	EndGlobalSection
	GlobalSection(ProjectConfigurationPlatforms) = postSolution
		{B71C74DB-793B-486A-98D6-73955B7DFA28}.Debug|Any CPU.ActiveCfg = Debug|Any CPU
		{B71C74DB-793B-486A-98D6-73955B7DFA28}.Debug|Any CPU.Build.0 = Debug|Any CPU
		{B71C74DB-793B-486A-98D6-73955B7DFA28}.Release|Any CPU.ActiveCfg = Release|Any CPU
		{B71C74DB-793B-486A-98D6-73955B7DFA28}.Release|Any CPU.Build.0 = Release|Any CPU
		{9B1E8432-1A9D-4076-BC0B-7AD8FAAB48F1}.Debug|Any CPU.ActiveCfg = Debug|Any CPU
		{9B1E8432-1A9D-4076-BC0B-7AD8FAAB48F1}.Debug|Any CPU.Build.0 = Debug|Any CPU
		{9B1E8432-1A9D-4076-BC0B-7AD8FAAB48F1}.Release|Any CPU.ActiveCfg = Release|Any CPU
		{9B1E8432-1A9D-4076-BC0B-7AD8FAAB48F1}.Release|Any CPU.Build.0 = Release|Any CPU
		{F39FDE65-96BC-45F2-AC9F-35B011FEDD41}.Debug|Any CPU.ActiveCfg = Debug|Any CPU
		{F39FDE65-96BC-45F2-AC9F-35B011FEDD41}.Debug|Any CPU.Build.0 = Debug|Any CPU
		{F39FDE65-96BC-45F2-AC9F-35B011FEDD41}.Release|Any CPU.ActiveCfg = Release|Any CPU
		{F39FDE65-96BC-45F2-AC9F-35B011FEDD41}.Release|Any CPU.Build.0 = Release|Any CPU
		{13E04CF4-74B7-483E-813A-D5B8D6EDCBA8}.Debug|Any CPU.ActiveCfg = Debug|Any CPU
		{13E04CF4-74B7-483E-813A-D5B8D6EDCBA8}.Debug|Any CPU.Build.0 = Debug|Any CPU
		{13E04CF4-74B7-483E-813A-D5B8D6EDCBA8}.Release|Any CPU.ActiveCfg = Release|Any CPU
		{13E04CF4-74B7-483E-813A-D5B8D6EDCBA8}.Release|Any CPU.Build.0 = Release|Any CPU
		{3DCAE921-965D-4493-AB81-58A2FD4E7494}.Debug|Any CPU.ActiveCfg = Debug|Any CPU
		{3DCAE921-965D-4493-AB81-58A2FD4E7494}.Debug|Any CPU.Build.0 = Debug|Any CPU
		{3DCAE921-965D-4493-AB81-58A2FD4E7494}.Release|Any CPU.ActiveCfg = Release|Any CPU
		{3DCAE921-965D-4493-AB81-58A2FD4E7494}.Release|Any CPU.Build.0 = Release|Any CPU
		{5DB717AC-292E-49AE-9D97-12AF88A658DF}.Debug|Any CPU.ActiveCfg = Debug|Any CPU
		{5DB717AC-292E-49AE-9D97-12AF88A658DF}.Debug|Any CPU.Build.0 = Debug|Any CPU
		{5DB717AC-292E-49AE-9D97-12AF88A658DF}.Release|Any CPU.ActiveCfg = Release|Any CPU
		{5DB717AC-292E-49AE-9D97-12AF88A658DF}.Release|Any CPU.Build.0 = Release|Any CPU
	EndGlobalSection
	GlobalSection(SolutionProperties) = preSolution
		HideSolutionNode = FALSE
	EndGlobalSection
EndGlobal
